
Microsoft Visual Studio Solution File, Format Version 12.00
# Visual Studio 15
VisualStudioVersion = 15.0.27703.2026
MinimumVisualStudioVersion = 10.0.40219.1
Project("{FAE04EC0-301F-11D3-BF4B-00C04F79EFBC}") = "Delegeate Example", "Delegeate Example\Delegeate Example.csproj", "{DF04B2F3-7372-4AE8-965A-35E99F405E80}"
EndProject
Global
	GlobalSection(SolutionConfigurationPlatforms) = preSolution
		Debug|Any CPU = Debug|Any CPU
		Release|Any CPU = Release|Any CPU
	EndGlobalSection
	GlobalSection(ProjectConfigurationPlatforms) = postSolution
		{DF04B2F3-7372-4AE8-965A-35E99F405E80}.Debug|Any CPU.ActiveCfg = Debug|Any CPU
		{DF04B2F3-7372-4AE8-965A-35E99F405E80}.Debug|Any CPU.Build.0 = Debug|Any CPU
		{DF04B2F3-7372-4AE8-965A-35E99F405E80}.Release|Any CPU.ActiveCfg = Release|Any CPU
		{DF04B2F3-7372-4AE8-965A-35E99F405E80}.Release|Any CPU.Build.0 = Release|Any CPU
	EndGlobalSection
	GlobalSection(SolutionProperties) = preSolution
		HideSolutionNode = FALSE
	EndGlobalSection
	GlobalSection(ExtensibilityGlobals) = postSolution
		SolutionGuid = {00DCA688-BC5B-4EF6-B600-9A9F6C1E3DD5}
	EndGlobalSection
EndGlobal
